{
  "name": "watr",
  "version": "2.2.1",
  "lockfileVersion": 2,
  "requires": true,
  "packages": {
    "": {
      "name": "watr",
      "version": "2.2.1",
      "license": "MIT",
      "devDependencies": {
        "tst": "^7.1.1",
        "wabt": "^1.0.28",
        "wat-compiler": "^1.0.0"
      }
    },
    "node_modules/tst": {
      "version": "7.1.1",
      "resolved": "https://registry.npmjs.org/tst/-/tst-7.1.1.tgz",
      "integrity": "sha512-8YzRv0WfbdXT6xiJasrH43D04PvzJONxLNSbLvWuXggKLmVJFYxG6DnXaWZNw4SOPoCYw6AaUxCfNf887TzVHw==",
      "dev": true
    },
    "node_modules/wabt": {
      "version": "1.0.28",
      "resolved": "https://registry.npmjs.org/wabt/-/wabt-1.0.28.tgz",
      "integrity": "sha512-icNMMmryZ8EKqB4POXnQW1xmq8xq21Ne9az26mcuRKn8WlPSNbRvA1t5fHt/6n8QVwv/oJ58zjBsqZn9Te1EaQ==",
      "dev": true,
      "bin": {
        "wasm-decompile": "bin/wasm-decompile",
        "wasm-interp": "bin/wasm-interp",
        "wasm-objdump": "bin/wasm-objdump",
        "wasm-opcodecnt": "bin/wasm-opcodecnt",
        "wasm-strip": "bin/wasm-strip",
        "wasm-validate": "bin/wasm-validate",
        "wasm2c": "bin/wasm2c",
        "wasm2wat": "bin/wasm2wat",
        "wat2wasm": "bin/wat2wasm"
      }
    },
    "node_modules/wat-compiler": {
      "version": "1.0.0",
      "resolved": "https://registry.npmjs.org/wat-compiler/-/wat-compiler-1.0.0.tgz",
      "integrity": "sha512-W8bLBA7oW2kUssLb/fFXfDxCU22Toupv//8SCiY2ie4Vrkf3QnzY/n2Oy1VjMZ3L0QJDoWg/oviXG5SttIS8fg==",
      "dev": true
    }
  },
  "dependencies": {
    "tst": {
      "version": "7.1.1",
      "resolved": "https://registry.npmjs.org/tst/-/tst-7.1.1.tgz",
      "integrity": "sha512-8YzRv0WfbdXT6xiJasrH43D04PvzJONxLNSbLvWuXggKLmVJFYxG6DnXaWZNw4SOPoCYw6AaUxCfNf887TzVHw==",
      "dev": true
    },
    "wabt": {
      "version": "1.0.28",
      "resolved": "https://registry.npmjs.org/wabt/-/wabt-1.0.28.tgz",
      "integrity": "sha512-icNMMmryZ8EKqB4POXnQW1xmq8xq21Ne9az26mcuRKn8WlPSNbRvA1t5fHt/6n8QVwv/oJ58zjBsqZn9Te1EaQ==",
      "dev": true
    },
    "wat-compiler": {
      "version": "1.0.0",
      "resolved": "https://registry.npmjs.org/wat-compiler/-/wat-compiler-1.0.0.tgz",
      "integrity": "sha512-W8bLBA7oW2kUssLb/fFXfDxCU22Toupv//8SCiY2ie4Vrkf3QnzY/n2Oy1VjMZ3L0QJDoWg/oviXG5SttIS8fg==",
      "dev": true
    }
  }
}
